Microsoft Visual Studio Solution File, Format Version 12.00
# Visual Studio 2012
Project("{FAE04EC0-301F-11D3-BF4B-00C04F79EFBC}") = "TestMod1_LookForward", "TestMod1_LookForward.csproj", "{E720CF6D-66BE-439F-B583-D7BB87178556}"
EndProject
Global
	GlobalSection(SolutionConfigurationPlatforms) = preSolution
	Debug|Any CPU = Debug|Any CPU
	ExportDebug|Any CPU = ExportDebug|Any CPU
	ExportRelease|Any CPU = ExportRelease|Any CPU
	EndGlobalSection
	GlobalSection(ProjectConfigurationPlatforms) = postSolution
		{E720CF6D-66BE-439F-B583-D7BB87178556}.Debug|Any CPU.ActiveCfg = Debug|Any CPU
		{E720CF6D-66BE-439F-B583-D7BB87178556}.Debug|Any CPU.Build.0 = Debug|Any CPU
		{E720CF6D-66BE-439F-B583-D7BB87178556}.ExportDebug|Any CPU.ActiveCfg = ExportDebug|Any CPU
		{E720CF6D-66BE-439F-B583-D7BB87178556}.ExportDebug|Any CPU.Build.0 = ExportDebug|Any CPU
		{E720CF6D-66BE-439F-B583-D7BB87178556}.ExportRelease|Any CPU.ActiveCfg = ExportRelease|Any CPU
		{E720CF6D-66BE-439F-B583-D7BB87178556}.ExportRelease|Any CPU.Build.0 = ExportRelease|Any CPU
	EndGlobalSection
EndGlobal
